
Microsoft Visual Studio Solution File, Format Version 12.00
# Visual Studio Version 16
VisualStudioVersion = 16.0.29215.179
MinimumVisualStudioVersion = 10.0.40219.1
Project("{9A19103F-16F7-4668-BE54-9A1E7A4F7556}") = "WeatherForecastEtain.Core", "Weather-Forcast-Etain.Core\WeatherForecastEtain.Core.csproj", "{31CED06F-AE09-49D1-BA98-0AB3E59FCB43}"
EndProject
Project("{9A19103F-16F7-4668-BE54-9A1E7A4F7556}") = "WeatherForecastEtain.Infrastructure", "Weather-Forcast-Etain.Infrastructure\WeatherForecastEtain.Infrastructure.csproj", "{5F7BE58E-8C5B-4A1F-97D7-487BF99C4BBA}"
EndProject
Project("{9A19103F-16F7-4668-BE54-9A1E7A4F7556}") = "WeatherForecastEtain.MVC", "WeatherForecastEtain.MVC\WeatherForecastEtain.MVC.csproj", "{48152EC3-AEAA-46A1-ADC9-05090D1EB225}"
EndProject
Global
	GlobalSection(SolutionConfigurationPlatforms) = preSolution
		Debug|Any CPU = Debug|Any CPU
		Release|Any CPU = Release|Any CPU
	EndGlobalSection
	GlobalSection(ProjectConfigurationPlatforms) = postSolution
		{31CED06F-AE09-49D1-BA98-0AB3E59FCB43}.Debug|Any CPU.ActiveCfg = Debug|Any CPU
		{31CED06F-AE09-49D1-BA98-0AB3E59FCB43}.Debug|Any CPU.Build.0 = Debug|Any CPU
		{31CED06F-AE09-49D1-BA98-0AB3E59FCB43}.Release|Any CPU.ActiveCfg = Release|Any CPU
		{31CED06F-AE09-49D1-BA98-0AB3E59FCB43}.Release|Any CPU.Build.0 = Release|Any CPU
		{5F7BE58E-8C5B-4A1F-97D7-487BF99C4BBA}.Debug|Any CPU.ActiveCfg = Debug|Any CPU
		{5F7BE58E-8C5B-4A1F-97D7-487BF99C4BBA}.Debug|Any CPU.Build.0 = Debug|Any CPU
		{5F7BE58E-8C5B-4A1F-97D7-487BF99C4BBA}.Release|Any CPU.ActiveCfg = Release|Any CPU
		{5F7BE58E-8C5B-4A1F-97D7-487BF99C4BBA}.Release|Any CPU.Build.0 = Release|Any CPU
		{48152EC3-AEAA-46A1-ADC9-05090D1EB225}.Debug|Any CPU.ActiveCfg = Debug|Any CPU
		{48152EC3-AEAA-46A1-ADC9-05090D1EB225}.Debug|Any CPU.Build.0 = Debug|Any CPU
		{48152EC3-AEAA-46A1-ADC9-05090D1EB225}.Release|Any CPU.ActiveCfg = Release|Any CPU
		{48152EC3-AEAA-46A1-ADC9-05090D1EB225}.Release|Any CPU.Build.0 = Release|Any CPU
	EndGlobalSection
	GlobalSection(SolutionProperties) = preSolution
		HideSolutionNode = FALSE
	EndGlobalSection
	GlobalSection(ExtensibilityGlobals) = postSolution
		SolutionGuid = {F31396F8-AD88-4516-9902-F30517E5A4EE}
	EndGlobalSection
EndGlobal
